
Microsoft Visual Studio Solution File, Format Version 12.00
# Visual Studio 2012
Project("{FAE04EC0-301F-11D3-BF4B-00C04F79EFBC}") = "Newser", "Newser\Newser.csproj", "{BA29C079-3299-49A5-AEE1-FAC18AE2BF59}"
EndProject
Global
	GlobalSection(SolutionConfigurationPlatforms) = preSolution
		Debug|Any CPU = Debug|Any CPU
		Release|Any CPU = Release|Any CPU
	EndGlobalSection
	GlobalSection(ProjectConfigurationPlatforms) = postSolution
		{BA29C079-3299-49A5-AEE1-FAC18AE2BF59}.Debug|Any CPU.ActiveCfg = Debug|Any CPU
		{BA29C079-3299-49A5-AEE1-FAC18AE2BF59}.Debug|Any CPU.Build.0 = Debug|Any CPU
		{BA29C079-3299-49A5-AEE1-FAC18AE2BF59}.Release|Any CPU.ActiveCfg = Release|Any CPU
		{BA29C079-3299-49A5-AEE1-FAC18AE2BF59}.Release|Any CPU.Build.0 = Release|Any CPU
	EndGlobalSection
EndGlobal
